
Microsoft Visual Studio Solution File, Format Version 12.00
# Visual Studio 15
VisualStudioVersion = 15.0.28010.2050
MinimumVisualStudioVersion = 10.0.40219.1
Project("{FAE04EC0-301F-11D3-BF4B-00C04F79EFBC}") = "SWAPI.API", "SWAPI\SWAPI.API.csproj", "{5BFDA5A9-95FA-460B-B027-778CEB2A5828}"
EndProject
Project("{FAE04EC0-301F-11D3-BF4B-00C04F79EFBC}") = "SWAPI.Domain", "SWAPI.Domain\SWAPI.Domain.csproj", "{1C4D0C18-C14F-476D-93D2-9F44A683B6A2}"
EndProject
Project("{FAE04EC0-301F-11D3-BF4B-00C04F79EFBC}") = "SWAPI.Application", "SWAPI.Application\SWAPI.Application.csproj", "{066F7CB6-F123-4ADE-93E9-80D03EA4E5CA}"
EndProject
Project("{FAE04EC0-301F-11D3-BF4B-00C04F79EFBC}") = "SWAPI.Infra.Cross.IoC", "SWAPI.Infra.Cross.IoC\SWAPI.Infra.Cross.IoC.csproj", "{7541E4B9-66A0-4A25-BFE3-5706259017D9}"
EndProject
Global
	GlobalSection(SolutionConfigurationPlatforms) = preSolution
		Debug|Any CPU = Debug|Any CPU
		Release|Any CPU = Release|Any CPU
	EndGlobalSection
	GlobalSection(ProjectConfigurationPlatforms) = postSolution
		{5BFDA5A9-95FA-460B-B027-778CEB2A5828}.Debug|Any CPU.ActiveCfg = Debug|Any CPU
		{5BFDA5A9-95FA-460B-B027-778CEB2A5828}.Debug|Any CPU.Build.0 = Debug|Any CPU
		{5BFDA5A9-95FA-460B-B027-778CEB2A5828}.Release|Any CPU.ActiveCfg = Release|Any CPU
		{5BFDA5A9-95FA-460B-B027-778CEB2A5828}.Release|Any CPU.Build.0 = Release|Any CPU
		{1C4D0C18-C14F-476D-93D2-9F44A683B6A2}.Debug|Any CPU.ActiveCfg = Debug|Any CPU
		{1C4D0C18-C14F-476D-93D2-9F44A683B6A2}.Debug|Any CPU.Build.0 = Debug|Any CPU
		{1C4D0C18-C14F-476D-93D2-9F44A683B6A2}.Release|Any CPU.ActiveCfg = Release|Any CPU
		{1C4D0C18-C14F-476D-93D2-9F44A683B6A2}.Release|Any CPU.Build.0 = Release|Any CPU
		{066F7CB6-F123-4ADE-93E9-80D03EA4E5CA}.Debug|Any CPU.ActiveCfg = Debug|Any CPU
		{066F7CB6-F123-4ADE-93E9-80D03EA4E5CA}.Debug|Any CPU.Build.0 = Debug|Any CPU
		{066F7CB6-F123-4ADE-93E9-80D03EA4E5CA}.Release|Any CPU.ActiveCfg = Release|Any CPU
		{066F7CB6-F123-4ADE-93E9-80D03EA4E5CA}.Release|Any CPU.Build.0 = Release|Any CPU
		{7541E4B9-66A0-4A25-BFE3-5706259017D9}.Debug|Any CPU.ActiveCfg = Debug|Any CPU
		{7541E4B9-66A0-4A25-BFE3-5706259017D9}.Debug|Any CPU.Build.0 = Debug|Any CPU
		{7541E4B9-66A0-4A25-BFE3-5706259017D9}.Release|Any CPU.ActiveCfg = Release|Any CPU
		{7541E4B9-66A0-4A25-BFE3-5706259017D9}.Release|Any CPU.Build.0 = Release|Any CPU
	EndGlobalSection
	GlobalSection(SolutionProperties) = preSolution
		HideSolutionNode = FALSE
	EndGlobalSection
	GlobalSection(ExtensibilityGlobals) = postSolution
		SolutionGuid = {D54E0F6C-2533-4AD8-B7A2-7F58B3C837BC}
	EndGlobalSection
EndGlobal
