
Microsoft Visual Studio Solution File, Format Version 12.00
# Visual Studio 15
VisualStudioVersion = 15.0.28010.2050
MinimumVisualStudioVersion = 10.0.40219.1
Project("{FAE04EC0-301F-11D3-BF4B-00C04F79EFBC}") = "SWAPI.API", "SWAPI\SWAPI.API.csproj", "{5BFDA5A9-95FA-460B-B027-778CEB2A5828}"
EndProject
Project("{FAE04EC0-301F-11D3-BF4B-00C04F79EFBC}") = "SWAPI.Domain", "SWAPI.Domain\SWAPI.Domain.csproj", "{1C4D0C18-C14F-476D-93D2-9F44A683B6A2}"
EndProject
Project("{FAE04EC0-301F-11D3-BF4B-00C04F79EFBC}") = "SWAPI.Application", "SWAPI.Application\SWAPI.Application.csproj", "{066F7CB6-F123-4ADE-93E9-80D03EA4E5CA}"
EndProject
Project("{FAE04EC0-301F-11D3-BF4B-00C04F79EFBC}") = "SWAPI.Infra.Cross.IoC", "SWAPI.Infra.Cross.IoC\SWAPI.Infra.Cross.IoC.csproj", "{7541E4B9-66A0-4A25-BFE3-5706259017D9}"
EndProject
Project("{FAE04EC0-301F-11D3-BF4B-00C04F79EFBC}") = "SWAPI.Data", "SWAPI.Data\SWAPI.Data.csproj", "{1DB48B59-8740-4B22-967C-57985662E165}"
EndProject
Project("{2150E333-8FDC-42A3-9474-1A3956D46DE8}") = "1 - API", "1 - API", "{716E3999-7B7D-49CC-9CFE-8866DECD98C4}"
EndProject
Project("{2150E333-8FDC-42A3-9474-1A3956D46DE8}") = "2 - Application", "2 - Application", "{102E52FE-4E4C-4755-A555-D263F075ABD1}"
EndProject
Project("{2150E333-8FDC-42A3-9474-1A3956D46DE8}") = "3 - Domain", "3 - Domain", "{D209F62A-3F93-4FAE-94FF-182D1D8FA0A4}"
EndProject
Project("{2150E333-8FDC-42A3-9474-1A3956D46DE8}") = "4 - Infraestructure", "4 - Infraestructure", "{C684144E-0808-458D-8DE0-90EB54B3A091}"
EndProject
Project("{2150E333-8FDC-42A3-9474-1A3956D46DE8}") = "4.1 - Data", "4.1 - Data", "{55CC8199-7262-4AB2-9489-1763CC26804F}"
EndProject
Project("{2150E333-8FDC-42A3-9474-1A3956D46DE8}") = "4.2 Cross", "4.2 Cross", "{E33E1B82-CB88-4047-A878-1C2ED91296B3}"
EndProject
Global
	GlobalSection(SolutionConfigurationPlatforms) = preSolution
		Debug|Any CPU = Debug|Any CPU
		Release|Any CPU = Release|Any CPU
	EndGlobalSection
	GlobalSection(ProjectConfigurationPlatforms) = postSolution
		{5BFDA5A9-95FA-460B-B027-778CEB2A5828}.Debug|Any CPU.ActiveCfg = Debug|Any CPU
		{5BFDA5A9-95FA-460B-B027-778CEB2A5828}.Debug|Any CPU.Build.0 = Debug|Any CPU
		{5BFDA5A9-95FA-460B-B027-778CEB2A5828}.Release|Any CPU.ActiveCfg = Release|Any CPU
		{5BFDA5A9-95FA-460B-B027-778CEB2A5828}.Release|Any CPU.Build.0 = Release|Any CPU
		{1C4D0C18-C14F-476D-93D2-9F44A683B6A2}.Debug|Any CPU.ActiveCfg = Debug|Any CPU
		{1C4D0C18-C14F-476D-93D2-9F44A683B6A2}.Debug|Any CPU.Build.0 = Debug|Any CPU
		{1C4D0C18-C14F-476D-93D2-9F44A683B6A2}.Release|Any CPU.ActiveCfg = Release|Any CPU
		{1C4D0C18-C14F-476D-93D2-9F44A683B6A2}.Release|Any CPU.Build.0 = Release|Any CPU
		{066F7CB6-F123-4ADE-93E9-80D03EA4E5CA}.Debug|Any CPU.ActiveCfg = Debug|Any CPU
		{066F7CB6-F123-4ADE-93E9-80D03EA4E5CA}.Debug|Any CPU.Build.0 = Debug|Any CPU
		{066F7CB6-F123-4ADE-93E9-80D03EA4E5CA}.Release|Any CPU.ActiveCfg = Release|Any CPU
		{066F7CB6-F123-4ADE-93E9-80D03EA4E5CA}.Release|Any CPU.Build.0 = Release|Any CPU
		{7541E4B9-66A0-4A25-BFE3-5706259017D9}.Debug|Any CPU.ActiveCfg = Debug|Any CPU
		{7541E4B9-66A0-4A25-BFE3-5706259017D9}.Debug|Any CPU.Build.0 = Debug|Any CPU
		{7541E4B9-66A0-4A25-BFE3-5706259017D9}.Release|Any CPU.ActiveCfg = Release|Any CPU
		{7541E4B9-66A0-4A25-BFE3-5706259017D9}.Release|Any CPU.Build.0 = Release|Any CPU
		{1DB48B59-8740-4B22-967C-57985662E165}.Debug|Any CPU.ActiveCfg = Debug|Any CPU
		{1DB48B59-8740-4B22-967C-57985662E165}.Debug|Any CPU.Build.0 = Debug|Any CPU
		{1DB48B59-8740-4B22-967C-57985662E165}.Release|Any CPU.ActiveCfg = Release|Any CPU
		{1DB48B59-8740-4B22-967C-57985662E165}.Release|Any CPU.Build.0 = Release|Any CPU
	EndGlobalSection
	GlobalSection(SolutionProperties) = preSolution
		HideSolutionNode = FALSE
	EndGlobalSection
	GlobalSection(NestedProjects) = preSolution
		{5BFDA5A9-95FA-460B-B027-778CEB2A5828} = {716E3999-7B7D-49CC-9CFE-8866DECD98C4}
		{1C4D0C18-C14F-476D-93D2-9F44A683B6A2} = {D209F62A-3F93-4FAE-94FF-182D1D8FA0A4}
		{066F7CB6-F123-4ADE-93E9-80D03EA4E5CA} = {102E52FE-4E4C-4755-A555-D263F075ABD1}
		{7541E4B9-66A0-4A25-BFE3-5706259017D9} = {E33E1B82-CB88-4047-A878-1C2ED91296B3}
		{1DB48B59-8740-4B22-967C-57985662E165} = {55CC8199-7262-4AB2-9489-1763CC26804F}
		{55CC8199-7262-4AB2-9489-1763CC26804F} = {C684144E-0808-458D-8DE0-90EB54B3A091}
		{E33E1B82-CB88-4047-A878-1C2ED91296B3} = {C684144E-0808-458D-8DE0-90EB54B3A091}
	EndGlobalSection
	GlobalSection(ExtensibilityGlobals) = postSolution
		SolutionGuid = {D54E0F6C-2533-4AD8-B7A2-7F58B3C837BC}
	EndGlobalSection
EndGlobal
